
Microsoft Visual Studio Solution File, Format Version 12.00
# Visual Studio 15
VisualStudioVersion = 15.0.28307.705
MinimumVisualStudioVersion = 10.0.40219.1
Project("{9092AA53-FB77-4645-B42D-1CCCA6BD08BD}") = "MyRestaurantMySQLAPI", "MyRestaurantMySQLAPI\MyRestaurantMySQLAPI.njsproj", "{F2C3E2E5-4BB5-466C-A95F-0BE91DBFC806}"
EndProject
Global
	GlobalSection(SolutionConfigurationPlatforms) = preSolution
		Debug|Any CPU = Debug|Any CPU
		Release|Any CPU = Release|Any CPU
	EndGlobalSection
	GlobalSection(ProjectConfigurationPlatforms) = postSolution
		{F2C3E2E5-4BB5-466C-A95F-0BE91DBFC806}.Debug|Any CPU.ActiveCfg = Debug|Any CPU
		{F2C3E2E5-4BB5-466C-A95F-0BE91DBFC806}.Debug|Any CPU.Build.0 = Debug|Any CPU
		{F2C3E2E5-4BB5-466C-A95F-0BE91DBFC806}.Release|Any CPU.ActiveCfg = Release|Any CPU
		{F2C3E2E5-4BB5-466C-A95F-0BE91DBFC806}.Release|Any CPU.Build.0 = Release|Any CPU
	EndGlobalSection
	GlobalSection(SolutionProperties) = preSolution
		HideSolutionNode = FALSE
	EndGlobalSection
	GlobalSection(ExtensibilityGlobals) = postSolution
		SolutionGuid = {A174A002-B531-4BE7-BA9F-4009EE0D4BB2}
	EndGlobalSection
EndGlobal
